
Microsoft Visual Studio Solution File, Format Version 12.00
# Visual Studio 2012
Project("{FAE04EC0-301F-11D3-BF4B-00C04F79EFBC}") = "BagOfWords", "BagOfWords\BagOfWords.csproj", "{EE2F731A-AC27-4E9B-95F4-9F52376C3A86}"
EndProject
Global
	GlobalSection(SolutionConfigurationPlatforms) = preSolution
		Debug|Any CPU = Debug|Any CPU
		Release|Any CPU = Release|Any CPU
	EndGlobalSection
	GlobalSection(ProjectConfigurationPlatforms) = postSolution
		{EE2F731A-AC27-4E9B-95F4-9F52376C3A86}.Debug|Any CPU.ActiveCfg = Debug|Any CPU
		{EE2F731A-AC27-4E9B-95F4-9F52376C3A86}.Debug|Any CPU.Build.0 = Debug|Any CPU
		{EE2F731A-AC27-4E9B-95F4-9F52376C3A86}.Release|Any CPU.ActiveCfg = Release|Any CPU
		{EE2F731A-AC27-4E9B-95F4-9F52376C3A86}.Release|Any CPU.Build.0 = Release|Any CPU
	EndGlobalSection
EndGlobal
